github.com/google/pprof v0.0.0-20230323073829-e72429f035bd h1:r8yyd+DJDmsUhGrRBxH5Pj7KeFK5l+Y3FsgT8keqKtk=
github.com/google/pprof v0.0.0-20230323073829-e72429f035bd/go.mod h1:79YE0hCXdHag9sBkw2o+N/YnZtTkXi0UT9Nnixa5eYk=
github.com/google/pprof v0.0.0-20230510103437-eeec1cb781c3 h1:2XF1Vzq06X+inNqgJ9tRnGuw+ZVCB3FazXODD6JE1R8=
github.com/google/pprof v0.0.0-20230510103437-eeec1cb781c3/go.mod h1:79YE0hCXdHag9sBkw2o+N/YnZtTkXi0UT9Nnixa5eYk=
